
Microsoft Visual Studio Solution File, Format Version 12.00
# Visual Studio Version 17
VisualStudioVersion = 17.12.35707.178 d17.12
MinimumVisualStudioVersion = 10.0.40219.1
Project("{FAE04EC0-301F-11D3-BF4B-00C04F79EFBC}") = "ProxyDllMaker", "ProxyDllMaker\ProxyDllMaker.csproj", "{3120A1EB-F52B-460E-87FB-DBAF640FFBDF}"
EndProject
Global
	GlobalSection(SolutionConfigurationPlatforms) = preSolution
		Debug|x64 = Debug|x64
		Release|x64 = Release|x64
	EndGlobalSection
	GlobalSection(ProjectConfigurationPlatforms) = postSolution
		{3120A1EB-F52B-460E-87FB-DBAF640FFBDF}.Debug|x64.ActiveCfg = Debug|x64
		{3120A1EB-F52B-460E-87FB-DBAF640FFBDF}.Debug|x64.Build.0 = Debug|x64
		{3120A1EB-F52B-460E-87FB-DBAF640FFBDF}.Release|x64.ActiveCfg = Release|x64
	EndGlobalSection
	GlobalSection(SolutionProperties) = preSolution
		HideSolutionNode = FALSE
	EndGlobalSection
	GlobalSection(ExtensibilityGlobals) = postSolution
		SolutionGuid = {53CEC752-6CDE-4EE0-B1E7-62DEA852F6DE}
	EndGlobalSection
EndGlobal
